
Microsoft Visual Studio Solution File, Format Version 12.00
# Visual Studio Version 17
VisualStudioVersion = 17.1.32210.238
MinimumVisualStudioVersion = 10.0.40219.1
Project("{9A19103F-16F7-4668-BE54-9A1E7A4F7556}") = "Result", "Result\Result.csproj", "{F7381261-B407-4D04-9D0A-55ED76EDD8A6}"
EndProject
Project("{9A19103F-16F7-4668-BE54-9A1E7A4F7556}") = "SdpTransform", "SdpTransform\SdpTransform.csproj", "{5B57220E-646D-4000-A2B0-F61F32B25A60}"
EndProject
Project("{9A19103F-16F7-4668-BE54-9A1E7A4F7556}") = "DemoApp", "DemoApp\DemoApp.csproj", "{50D2466D-7629-4E93-8008-4EE03E6E477A}"
EndProject
Project("{FAE04EC0-301F-11D3-BF4B-00C04F79EFBC}") = "Result.Tests", "Result.Tests\Result.Tests.csproj", "{686358C4-BF55-4E57-AC26-87F5592FC947}"
EndProject
Project("{FAE04EC0-301F-11D3-BF4B-00C04F79EFBC}") = "SdpTransform.Tests", "SdpTransform.Tests\SdpTransform.Tests.csproj", "{EB7CAD0A-3B12-4E9D-9AB9-504A7733ADE2}"
EndProject
Global
	GlobalSection(SolutionConfigurationPlatforms) = preSolution
		Debug|Any CPU = Debug|Any CPU
		Debug|x64 = Debug|x64
		Debug|x86 = Debug|x86
		Release|Any CPU = Release|Any CPU
		Release|x64 = Release|x64
		Release|x86 = Release|x86
	EndGlobalSection
	GlobalSection(ProjectConfigurationPlatforms) = postSolution
		{F7381261-B407-4D04-9D0A-55ED76EDD8A6}.Debug|Any CPU.ActiveCfg = Debug|Any CPU
		{F7381261-B407-4D04-9D0A-55ED76EDD8A6}.Debug|Any CPU.Build.0 = Debug|Any CPU
		{F7381261-B407-4D04-9D0A-55ED76EDD8A6}.Debug|x64.ActiveCfg = Debug|Any CPU
		{F7381261-B407-4D04-9D0A-55ED76EDD8A6}.Debug|x64.Build.0 = Debug|Any CPU
		{F7381261-B407-4D04-9D0A-55ED76EDD8A6}.Debug|x86.ActiveCfg = Debug|Any CPU
		{F7381261-B407-4D04-9D0A-55ED76EDD8A6}.Debug|x86.Build.0 = Debug|Any CPU
		{F7381261-B407-4D04-9D0A-55ED76EDD8A6}.Release|Any CPU.ActiveCfg = Release|Any CPU
		{F7381261-B407-4D04-9D0A-55ED76EDD8A6}.Release|Any CPU.Build.0 = Release|Any CPU
		{F7381261-B407-4D04-9D0A-55ED76EDD8A6}.Release|x64.ActiveCfg = Release|Any CPU
		{F7381261-B407-4D04-9D0A-55ED76EDD8A6}.Release|x64.Build.0 = Release|Any CPU
		{F7381261-B407-4D04-9D0A-55ED76EDD8A6}.Release|x86.ActiveCfg = Release|Any CPU
		{F7381261-B407-4D04-9D0A-55ED76EDD8A6}.Release|x86.Build.0 = Release|Any CPU
		{5B57220E-646D-4000-A2B0-F61F32B25A60}.Debug|Any CPU.ActiveCfg = Debug|Any CPU
		{5B57220E-646D-4000-A2B0-F61F32B25A60}.Debug|Any CPU.Build.0 = Debug|Any CPU
		{5B57220E-646D-4000-A2B0-F61F32B25A60}.Debug|x64.ActiveCfg = Debug|Any CPU
		{5B57220E-646D-4000-A2B0-F61F32B25A60}.Debug|x64.Build.0 = Debug|Any CPU
		{5B57220E-646D-4000-A2B0-F61F32B25A60}.Debug|x86.ActiveCfg = Debug|Any CPU
		{5B57220E-646D-4000-A2B0-F61F32B25A60}.Debug|x86.Build.0 = Debug|Any CPU
		{5B57220E-646D-4000-A2B0-F61F32B25A60}.Release|Any CPU.ActiveCfg = Release|Any CPU
		{5B57220E-646D-4000-A2B0-F61F32B25A60}.Release|Any CPU.Build.0 = Release|Any CPU
		{5B57220E-646D-4000-A2B0-F61F32B25A60}.Release|x64.ActiveCfg = Release|Any CPU
		{5B57220E-646D-4000-A2B0-F61F32B25A60}.Release|x64.Build.0 = Release|Any CPU
		{5B57220E-646D-4000-A2B0-F61F32B25A60}.Release|x86.ActiveCfg = Release|Any CPU
		{5B57220E-646D-4000-A2B0-F61F32B25A60}.Release|x86.Build.0 = Release|Any CPU
		{50D2466D-7629-4E93-8008-4EE03E6E477A}.Debug|Any CPU.ActiveCfg = Debug|Any CPU
		{50D2466D-7629-4E93-8008-4EE03E6E477A}.Debug|Any CPU.Build.0 = Debug|Any CPU
		{50D2466D-7629-4E93-8008-4EE03E6E477A}.Debug|x64.ActiveCfg = Debug|Any CPU
		{50D2466D-7629-4E93-8008-4EE03E6E477A}.Debug|x64.Build.0 = Debug|Any CPU
		{50D2466D-7629-4E93-8008-4EE03E6E477A}.Debug|x86.ActiveCfg = Debug|Any CPU
		{50D2466D-7629-4E93-8008-4EE03E6E477A}.Debug|x86.Build.0 = Debug|Any CPU
		{50D2466D-7629-4E93-8008-4EE03E6E477A}.Release|Any CPU.ActiveCfg = Release|Any CPU
		{50D2466D-7629-4E93-8008-4EE03E6E477A}.Release|Any CPU.Build.0 = Release|Any CPU
		{50D2466D-7629-4E93-8008-4EE03E6E477A}.Release|x64.ActiveCfg = Release|Any CPU
		{50D2466D-7629-4E93-8008-4EE03E6E477A}.Release|x64.Build.0 = Release|Any CPU
		{50D2466D-7629-4E93-8008-4EE03E6E477A}.Release|x86.ActiveCfg = Release|Any CPU
		{50D2466D-7629-4E93-8008-4EE03E6E477A}.Release|x86.Build.0 = Release|Any CPU
		{686358C4-BF55-4E57-AC26-87F5592FC947}.Debug|Any CPU.ActiveCfg = Debug|Any CPU
		{686358C4-BF55-4E57-AC26-87F5592FC947}.Debug|Any CPU.Build.0 = Debug|Any CPU
		{686358C4-BF55-4E57-AC26-87F5592FC947}.Debug|x64.ActiveCfg = Debug|Any CPU
		{686358C4-BF55-4E57-AC26-87F5592FC947}.Debug|x64.Build.0 = Debug|Any CPU
		{686358C4-BF55-4E57-AC26-87F5592FC947}.Debug|x86.ActiveCfg = Debug|Any CPU
		{686358C4-BF55-4E57-AC26-87F5592FC947}.Debug|x86.Build.0 = Debug|Any CPU
		{686358C4-BF55-4E57-AC26-87F5592FC947}.Release|Any CPU.ActiveCfg = Release|Any CPU
		{686358C4-BF55-4E57-AC26-87F5592FC947}.Release|Any CPU.Build.0 = Release|Any CPU
		{686358C4-BF55-4E57-AC26-87F5592FC947}.Release|x64.ActiveCfg = Release|Any CPU
		{686358C4-BF55-4E57-AC26-87F5592FC947}.Release|x64.Build.0 = Release|Any CPU
		{686358C4-BF55-4E57-AC26-87F5592FC947}.Release|x86.ActiveCfg = Release|Any CPU
		{686358C4-BF55-4E57-AC26-87F5592FC947}.Release|x86.Build.0 = Release|Any CPU
		{EB7CAD0A-3B12-4E9D-9AB9-504A7733ADE2}.Debug|Any CPU.ActiveCfg = Debug|Any CPU
		{EB7CAD0A-3B12-4E9D-9AB9-504A7733ADE2}.Debug|Any CPU.Build.0 = Debug|Any CPU
		{EB7CAD0A-3B12-4E9D-9AB9-504A7733ADE2}.Debug|x64.ActiveCfg = Debug|Any CPU
		{EB7CAD0A-3B12-4E9D-9AB9-504A7733ADE2}.Debug|x64.Build.0 = Debug|Any CPU
		{EB7CAD0A-3B12-4E9D-9AB9-504A7733ADE2}.Debug|x86.ActiveCfg = Debug|Any CPU
		{EB7CAD0A-3B12-4E9D-9AB9-504A7733ADE2}.Debug|x86.Build.0 = Debug|Any CPU
		{EB7CAD0A-3B12-4E9D-9AB9-504A7733ADE2}.Release|Any CPU.ActiveCfg = Release|Any CPU
		{EB7CAD0A-3B12-4E9D-9AB9-504A7733ADE2}.Release|Any CPU.Build.0 = Release|Any CPU
		{EB7CAD0A-3B12-4E9D-9AB9-504A7733ADE2}.Release|x64.ActiveCfg = Release|Any CPU
		{EB7CAD0A-3B12-4E9D-9AB9-504A7733ADE2}.Release|x64.Build.0 = Release|Any CPU
		{EB7CAD0A-3B12-4E9D-9AB9-504A7733ADE2}.Release|x86.ActiveCfg = Release|Any CPU
		{EB7CAD0A-3B12-4E9D-9AB9-504A7733ADE2}.Release|x86.Build.0 = Release|Any CPU
	EndGlobalSection
	GlobalSection(SolutionProperties) = preSolution
		HideSolutionNode = FALSE
	EndGlobalSection
	GlobalSection(ExtensibilityGlobals) = postSolution
		SolutionGuid = {F8E94381-2C17-46E5-A548-55E527D8EC9C}
	EndGlobalSection
EndGlobal
